// !$*UTF8*$!
{
	archiveVersion = 1;
	classes = {
	};
	objectVersion = 56;
	objects = {

/* Begin PBXBuildFile section */
		366149202C7FB7B7001BB5DC /* Environment.swift in Sources */ = {isa = PBXBuildFile; fileRef = 3661491F2C7FB7B7001BB5DC /* Environment.swift */; };
		36739F922B8266EA00EC4ED6 /* Socially.swift in Sources */ = {isa = PBXBuildFile; fileRef = 36739F912B8266EA00EC4ED6 /* Socially.swift */; };
		36739F942B8266EA00EC4ED6 /* ContentView.swift in Sources */ = {isa = PBXBuildFile; fileRef = 36739F932B8266EA00EC4ED6 /* ContentView.swift */; };
		36739F962B8266EC00EC4ED6 /* Assets.xcassets in Resources */ = {isa = PBXBuildFile; fileRef = 36739F952B8266EC00EC4ED6 /* Assets.xcassets */; };
		36739F992B8266EC00EC4ED6 /* Preview Assets.xcassets in Resources */ = {isa = PBXBuildFile; fileRef = 36739F982B8266EC00EC4ED6 /* Preview Assets.xcassets */; };
		36739F9B2B8266EC00EC4ED6 /* Persistence.swift in Sources */ = {isa = PBXBuildFile; fileRef = 36739F9A2B8266EC00EC4ED6 /* Persistence.swift */; };
		36739F9E2B8266EC00EC4ED6 /* Socially.xcdatamodeld in Sources */ = {isa = PBXBuildFile; fileRef = 36739F9C2B8266EC00EC4ED6 /* Socially.xcdatamodeld */; };
		36739FA82B8269CC00EC4ED6 /* Web3Helper.swift in Sources */ = {isa = PBXBuildFile; fileRef = 36739FA72B8269CC00EC4ED6 /* Web3Helper.swift */; };
		B737C25CD5A0047595EEEC7B /* Pods_Socially.framework in Frameworks */ = {isa = PBXBuildFile; fileRef = 84D59EFA93E40E78349B153E /* Pods_Socially.framework */; };
/* End PBXBuildFile section */

/* Begin PBXFileReference section */
		3661491F2C7FB7B7001BB5DC /* Environment.swift */ = {isa = PBXFileReference; lastKnownFileType = sourcecode.swift; path = Environment.swift; sourceTree = "<group>"; };
		36739F8E2B8266EA00EC4ED6 /* Socially.app */ = {isa = PBXFileReference; explicitFileType = wrapper.application; includeInIndex = 0; path = Socially.app; sourceTree = BUILT_PRODUCTS_DIR; };
		36739F912B8266EA00EC4ED6 /* Socially.swift */ = {isa = PBXFileReference; lastKnownFileType = sourcecode.swift; path = Socially.swift; sourceTree = "<group>"; };
		36739F932B8266EA00EC4ED6 /* ContentView.swift */ = {isa = PBXFileReference; lastKnownFileType = sourcecode.swift; path = ContentView.swift; sourceTree = "<group>"; };
		36739F952B8266EC00EC4ED6 /* Assets.xcassets */ = {isa = PBXFileReference; lastKnownFileType = folder.assetcatalog; path = Assets.xcassets; sourceTree = "<group>"; };
		36739F982B8266EC00EC4ED6 /* Preview Assets.xcassets */ = {isa = PBXFileReference; lastKnownFileType = folder.assetcatalog; path = "Preview Assets.xcassets"; sourceTree = "<group>"; };
		36739F9A2B8266EC00EC4ED6 /* Persistence.swift */ = {isa = PBXFileReference; lastKnownFileType = sourcecode.swift; path = Persistence.swift; sourceTree = "<group>"; };
		36739F9D2B8266EC00EC4ED6 /* web3wallet.xcdatamodel */ = {isa = PBXFileReference; lastKnownFileType = wrapper.xcdatamodel; path = web3wallet.xcdatamodel; sourceTree = "<group>"; };
		36739FA72B8269CC00EC4ED6 /* Web3Helper.swift */ = {isa = PBXFileReference; lastKnownFileType = sourcecode.swift; path = Web3Helper.swift; sourceTree = "<group>"; };
		7E606531D3FB5EAB86362521 /* Pods-Socially.release.xcconfig */ = {isa = PBXFileReference; includeInIndex = 1; lastKnownFileType = text.xcconfig; name = "Pods-Socially.release.xcconfig"; path = "Target Support Files/Pods-Socially/Pods-Socially.release.xcconfig"; sourceTree = "<group>"; };
		84D59EFA93E40E78349B153E /* Pods_Socially.framework */ = {isa = PBXFileReference; explicitFileType = wrapper.framework; includeInIndex = 0; path = Pods_Socially.framework; sourceTree = BUILT_PRODUCTS_DIR; };
		D4CCB12B5A02699F07C35D2C /* Pods-Socially.debug.xcconfig */ = {isa = PBXFileReference; includeInIndex = 1; lastKnownFileType = text.xcconfig; name = "Pods-Socially.debug.xcconfig"; path = "Target Support Files/Pods-Socially/Pods-Socially.debug.xcconfig"; sourceTree = "<group>"; };
/* End PBXFileReference section */

/* Begin PBXFrameworksBuildPhase section */
		36739F8B2B8266EA00EC4ED6 /* Frameworks */ = {
			isa = PBXFrameworksBuildPhase;
			buildActionMask = 2147483647;
			files = (
				B737C25CD5A0047595EEEC7B /* Pods_Socially.framework in Frameworks */,
			);
			runOnlyForDeploymentPostprocessing = 0;
		};
/* End PBXFrameworksBuildPhase section */

/* Begin PBXGroup section */
		36739F852B8266EA00EC4ED6 = {
			isa = PBXGroup;
			children = (
				36739F902B8266EA00EC4ED6 /* Socially */,
				36739F8F2B8266EA00EC4ED6 /* Products */,
				BCFB60E77FFDE155ABFDF0DE /* Pods */,
				D2C79267AAD3787514A505A5 /* Frameworks */,
			);
			sourceTree = "<group>";
		};
		36739F8F2B8266EA00EC4ED6 /* Products */ = {
			isa = PBXGroup;
			children = (
				36739F8E2B8266EA00EC4ED6 /* Socially.app */,
			);
			name = Products;
			sourceTree = "<group>";
		};
		36739F902B8266EA00EC4ED6 /* Socially */ = {
			isa = PBXGroup;
			children = (
				36739F912B8266EA00EC4ED6 /* Socially.swift */,
				36739F932B8266EA00EC4ED6 /* ContentView.swift */,
				36739FA72B8269CC00EC4ED6 /* Web3Helper.swift */,
				3661491F2C7FB7B7001BB5DC /* Environment.swift */,
				36739F952B8266EC00EC4ED6 /* Assets.xcassets */,
				36739F9A2B8266EC00EC4ED6 /* Persistence.swift */,
				36739F9C2B8266EC00EC4ED6 /* Socially.xcdatamodeld */,
				36739F972B8266EC00EC4ED6 /* Preview Content */,
			);
			path = Socially;
			sourceTree = "<group>";
		};
		36739F972B8266EC00EC4ED6 /* Preview Content */ = {
			isa = PBXGroup;
			children = (
				36739F982B8266EC00EC4ED6 /* Preview Assets.xcassets */,
			);
			path = "Preview Content";
			sourceTree = "<group>";
		};
		BCFB60E77FFDE155ABFDF0DE /* Pods */ = {
			isa = PBXGroup;
			children = (
				D4CCB12B5A02699F07C35D2C /* Pods-Socially.debug.xcconfig */,
				7E606531D3FB5EAB86362521 /* Pods-Socially.release.xcconfig */,
			);
			path = Pods;
			sourceTree = "<group>";
		};
		D2C79267AAD3787514A505A5 /* Frameworks */ = {
			isa = PBXGroup;
			children = (
				84D59EFA93E40E78349B153E /* Pods_Socially.framework */,
			);
			name = Frameworks;
			sourceTree = "<group>";
		};
/* End PBXGroup section */

/* Begin PBXNativeTarget section */
		36739F8D2B8266EA00EC4ED6 /* Socially */ = {
			isa = PBXNativeTarget;
			buildConfigurationList = 36739FA12B8266EC00EC4ED6 /* Build configuration list for PBXNativeTarget "Socially" */;
			buildPhases = (
				10EB12155DF83A566EA71590 /* [CP] Check Pods Manifest.lock */,
				36739F8A2B8266EA00EC4ED6 /* Sources */,
				36739F8B2B8266EA00EC4ED6 /* Frameworks */,
				36739F8C2B8266EA00EC4ED6 /* Resources */,
				FA119FFD71BAD1021C14D741 /* [CP] Embed Pods Frameworks */,
			);
			buildRules = (
			);
			dependencies = (
			);
			name = Socially;
			productName = web3wallet;
			productReference = 36739F8E2B8266EA00EC4ED6 /* Socially.app */;
			productType = "com.apple.product-type.application";
		};
/* End PBXNativeTarget section */

/* Begin PBXProject section */
		36739F862B8266EA00EC4ED6 /* Project object */ = {
			isa = PBXProject;
			attributes = {
				BuildIndependentTargetsInParallel = 1;
				LastSwiftUpdateCheck = 1500;
				LastUpgradeCheck = 1500;
				TargetAttributes = {
					36739F8D2B8266EA00EC4ED6 = {
						CreatedOnToolsVersion = 15.0.1;
					};
				};
			};
			buildConfigurationList = 36739F892B8266EA00EC4ED6 /* Build configuration list for PBXProject "Socially" */;
			compatibilityVersion = "Xcode 14.0";
			developmentRegion = en;
			hasScannedForEncodings = 0;
			knownRegions = (
				en,
				Base,
			);
			mainGroup = 36739F852B8266EA00EC4ED6;
			productRefGroup = 36739F8F2B8266EA00EC4ED6 /* Products */;
			projectDirPath = "";
			projectRoot = "";
			targets = (
				36739F8D2B8266EA00EC4ED6 /* Socially */,
			);
		};
/* End PBXProject section */

/* Begin PBXResourcesBuildPhase section */
		36739F8C2B8266EA00EC4ED6 /* Resources */ = {
			isa = PBXResourcesBuildPhase;
			buildActionMask = 2147483647;
			files = (
				36739F992B8266EC00EC4ED6 /* Preview Assets.xcassets in Resources */,
				36739F962B8266EC00EC4ED6 /* Assets.xcassets in Resources */,
			);
			runOnlyForDeploymentPostprocessing = 0;
		};
/* End PBXResourcesBuildPhase section */

/* Begin PBXShellScriptBuildPhase section */
		10EB12155DF83A566EA71590 /* [CP] Check Pods Manifest.lock */ = {
			isa = PBXShellScriptBuildPhase;
			buildActionMask = 2147483647;
			files = (
			);
			inputFileListPaths = (
			);
			inputPaths = (
				"${PODS_PODFILE_DIR_PATH}/Podfile.lock",
				"${PODS_ROOT}/Manifest.lock",
			);
			name = "[CP] Check Pods Manifest.lock";
			outputFileListPaths = (
			);
			outputPaths = (
				"$(DERIVED_FILE_DIR)/Pods-Socially-checkManifestLockResult.txt",
			);
			runOnlyForDeploymentPostprocessing = 0;
			shellPath = /bin/sh;
			shellScript = "diff \"${PODS_PODFILE_DIR_PATH}/Podfile.lock\" \"${PODS_ROOT}/Manifest.lock\" > /dev/null\nif [ $? != 0 ] ; then\n    # print error to STDERR\n    echo \"error: The sandbox is not in sync with the Podfile.lock. Run 'pod install' or update your CocoaPods installation.\" >&2\n    exit 1\nfi\n# This output is used by Xcode 'outputs' to avoid re-running this script phase.\necho \"SUCCESS\" > \"${SCRIPT_OUTPUT_FILE_0}\"\n";
			showEnvVarsInLog = 0;
		};
		FA119FFD71BAD1021C14D741 /* [CP] Embed Pods Frameworks */ = {
			isa = PBXShellScriptBuildPhase;
			buildActionMask = 2147483647;
			files = (
			);
			inputFileListPaths = (
				"${PODS_ROOT}/Target Support Files/Pods-Socially/Pods-Socially-frameworks-${CONFIGURATION}-input-files.xcfilelist",
			);
			name = "[CP] Embed Pods Frameworks";
			outputFileListPaths = (
				"${PODS_ROOT}/Target Support Files/Pods-Socially/Pods-Socially-frameworks-${CONFIGURATION}-output-files.xcfilelist",
			);
			runOnlyForDeploymentPostprocessing = 0;
			shellPath = /bin/sh;
			shellScript = "\"${PODS_ROOT}/Target Support Files/Pods-Socially/Pods-Socially-frameworks.sh\"\n";
			showEnvVarsInLog = 0;
		};
/* End PBXShellScriptBuildPhase section */

/* Begin PBXSourcesBuildPhase section */
		36739F8A2B8266EA00EC4ED6 /* Sources */ = {
			isa = PBXSourcesBuildPhase;
			buildActionMask = 2147483647;
			files = (
				36739F9B2B8266EC00EC4ED6 /* Persistence.swift in Sources */,
				36739F9E2B8266EC00EC4ED6 /* Socially.xcdatamodeld in Sources */,
				36739FA82B8269CC00EC4ED6 /* Web3Helper.swift in Sources */,
				36739F942B8266EA00EC4ED6 /* ContentView.swift in Sources */,
				36739F922B8266EA00EC4ED6 /* Socially.swift in Sources */,
				366149202C7FB7B7001BB5DC /* Environment.swift in Sources */,
			);
			runOnlyForDeploymentPostprocessing = 0;
		};
/* End PBXSourcesBuildPhase section */

/* Begin XCBuildConfiguration section */
		36739F9F2B8266EC00EC4ED6 /* Debug */ = {
			isa = XCBuildConfiguration;
			buildSettings = {
				ALWAYS_SEARCH_USER_PATHS = NO;
				ASSETCATALOG_COMPILER_GENERATE_SWIFT_ASSET_SYMBOL_EXTENSIONS = YES;
				CLANG_ANALYZER_NONNULL = YES;
				CLANG_ANALYZER_NUMBER_OBJECT_CONVERSION = YES_AGGRESSIVE;
				CLANG_CXX_LANGUAGE_STANDARD = "gnu++20";
				CLANG_ENABLE_MODULES = YES;
				CLANG_ENABLE_OBJC_ARC = YES;
				CLANG_ENABLE_OBJC_WEAK = YES;
				CLANG_WARN_BLOCK_CAPTURE_AUTORELEASING = YES;
				CLANG_WARN_BOOL_CONVERSION = YES;
				CLANG_WARN_COMMA = YES;
				CLANG_WARN_CONSTANT_CONVERSION = YES;
				CLANG_WARN_DEPRECATED_OBJC_IMPLEMENTATIONS = YES;
				CLANG_WARN_DIRECT_OBJC_ISA_USAGE = YES_ERROR;
				CLANG_WARN_DOCUMENTATION_COMMENTS = YES;
				CLANG_WARN_EMPTY_BODY = YES;
				CLANG_WARN_ENUM_CONVERSION = YES;
				CLANG_WARN_INFINITE_RECURSION = YES;
				CLANG_WARN_INT_CONVERSION = YES;
				CLANG_WARN_NON_LITERAL_NULL_CONVERSION = YES;
				CLANG_WARN_OBJC_IMPLICIT_RETAIN_SELF = YES;
				CLANG_WARN_OBJC_LITERAL_CONVERSION = YES;
				CLANG_WARN_OBJC_ROOT_CLASS = YES_ERROR;
				CLANG_WARN_QUOTED_INCLUDE_IN_FRAMEWORK_HEADER = YES;
				CLANG_WARN_RANGE_LOOP_ANALYSIS = YES;
				CLANG_WARN_STRICT_PROTOTYPES = YES;
				CLANG_WARN_SUSPICIOUS_MOVE = YES;
				CLANG_WARN_UNGUARDED_AVAILABILITY = YES_AGGRESSIVE;
				CLANG_WARN_UNREACHABLE_CODE = YES;
				CLANG_WARN__DUPLICATE_METHOD_MATCH = YES;
				COPY_PHASE_STRIP = NO;
				DEBUG_INFORMATION_FORMAT = dwarf;
				ENABLE_STRICT_OBJC_MSGSEND = YES;
				ENABLE_TESTABILITY = YES;
				ENABLE_USER_SCRIPT_SANDBOXING = YES;
				GCC_C_LANGUAGE_STANDARD = gnu17;
				GCC_DYNAMIC_NO_PIC = NO;
				GCC_NO_COMMON_BLOCKS = YES;
				GCC_OPTIMIZATION_LEVEL = 0;
				GCC_PREPROCESSOR_DEFINITIONS = (
					"DEBUG=1",
					"$(inherited)",
				);
				GCC_WARN_64_TO_32_BIT_CONVERSION = YES;
				GCC_WARN_ABOUT_RETURN_TYPE = YES_ERROR;
				GCC_WARN_UNDECLARED_SELECTOR = YES;
				GCC_WARN_UNINITIALIZED_AUTOS = YES_AGGRESSIVE;
				GCC_WARN_UNUSED_FUNCTION = YES;
				GCC_WARN_UNUSED_VARIABLE = YES;
				IPHONEOS_DEPLOYMENT_TARGET = 17.0;
				LOCALIZATION_PREFERS_STRING_CATALOGS = YES;
				MTL_ENABLE_DEBUG_INFO = INCLUDE_SOURCE;
				MTL_FAST_MATH = YES;
				ONLY_ACTIVE_ARCH = YES;
				SDKROOT = iphoneos;
				SWIFT_ACTIVE_COMPILATION_CONDITIONS = "DEBUG $(inherited)";
				SWIFT_OPTIMIZATION_LEVEL = "-Onone";
			};
			name = Debug;
		};
		36739FA02B8266EC00EC4ED6 /* Release */ = {
			isa = XCBuildConfiguration;
			buildSettings = {
				ALWAYS_SEARCH_USER_PATHS = NO;
				ASSETCATALOG_COMPILER_GENERATE_SWIFT_ASSET_SYMBOL_EXTENSIONS = YES;
				CLANG_ANALYZER_NONNULL = YES;
				CLANG_ANALYZER_NUMBER_OBJECT_CONVERSION = YES_AGGRESSIVE;
				CLANG_CXX_LANGUAGE_STANDARD = "gnu++20";
				CLANG_ENABLE_MODULES = YES;
				CLANG_ENABLE_OBJC_ARC = YES;
				CLANG_ENABLE_OBJC_WEAK = YES;
				CLANG_WARN_BLOCK_CAPTURE_AUTORELEASING = YES;
				CLANG_WARN_BOOL_CONVERSION = YES;
				CLANG_WARN_COMMA = YES;
				CLANG_WARN_CONSTANT_CONVERSION = YES;
				CLANG_WARN_DEPRECATED_OBJC_IMPLEMENTATIONS = YES;
				CLANG_WARN_DIRECT_OBJC_ISA_USAGE = YES_ERROR;
				CLANG_WARN_DOCUMENTATION_COMMENTS = YES;
				CLANG_WARN_EMPTY_BODY = YES;
				CLANG_WARN_ENUM_CONVERSION = YES;
				CLANG_WARN_INFINITE_RECURSION = YES;
				CLANG_WARN_INT_CONVERSION = YES;
				CLANG_WARN_NON_LITERAL_NULL_CONVERSION = YES;
				CLANG_WARN_OBJC_IMPLICIT_RETAIN_SELF = YES;
				CLANG_WARN_OBJC_LITERAL_CONVERSION = YES;
				CLANG_WARN_OBJC_ROOT_CLASS = YES_ERROR;
				CLANG_WARN_QUOTED_INCLUDE_IN_FRAMEWORK_HEADER = YES;
				CLANG_WARN_RANGE_LOOP_ANALYSIS = YES;
				CLANG_WARN_STRICT_PROTOTYPES = YES;
				CLANG_WARN_SUSPICIOUS_MOVE = YES;
				CLANG_WARN_UNGUARDED_AVAILABILITY = YES_AGGRESSIVE;
				CLANG_WARN_UNREACHABLE_CODE = YES;
				CLANG_WARN__DUPLICATE_METHOD_MATCH = YES;
				COPY_PHASE_STRIP = NO;
				DEBUG_INFORMATION_FORMAT = "dwarf-with-dsym";
				ENABLE_NS_ASSERTIONS = NO;
				ENABLE_STRICT_OBJC_MSGSEND = YES;
				ENABLE_USER_SCRIPT_SANDBOXING = YES;
				GCC_C_LANGUAGE_STANDARD = gnu17;
				GCC_NO_COMMON_BLOCKS = YES;
				GCC_WARN_64_TO_32_BIT_CONVERSION = YES;
				GCC_WARN_ABOUT_RETURN_TYPE = YES_ERROR;
				GCC_WARN_UNDECLARED_SELECTOR = YES;
				GCC_WARN_UNINITIALIZED_AUTOS = YES_AGGRESSIVE;
				GCC_WARN_UNUSED_FUNCTION = YES;
				GCC_WARN_UNUSED_VARIABLE = YES;
				IPHONEOS_DEPLOYMENT_TARGET = 17.0;
				LOCALIZATION_PREFERS_STRING_CATALOGS = YES;
				MTL_ENABLE_DEBUG_INFO = NO;
				MTL_FAST_MATH = YES;
				SDKROOT = iphoneos;
				SWIFT_COMPILATION_MODE = wholemodule;
				VALIDATE_PRODUCT = YES;
			};
			name = Release;
		};
		36739FA22B8266EC00EC4ED6 /* Debug */ = {
			isa = XCBuildConfiguration;
			baseConfigurationReference = D4CCB12B5A02699F07C35D2C /* Pods-Socially.debug.xcconfig */;
			buildSettings = {
				ASSETCATALOG_COMPILER_APPICON_NAME = AppIcon;
				ASSETCATALOG_COMPILER_GLOBAL_ACCENT_COLOR_NAME = AccentColor;
				CODE_SIGN_STYLE = Automatic;
				CURRENT_PROJECT_VERSION = 1;
				DEVELOPMENT_ASSET_PATHS = "\"Socially/Preview Content\"";
				DEVELOPMENT_TEAM = HW2B39KXKS;
				ENABLE_PREVIEWS = YES;
				ENABLE_USER_SCRIPT_SANDBOXING = NO;
				GENERATE_INFOPLIST_FILE = YES;
				INFOPLIST_KEY_UIApplicationSceneManifest_Generation = YES;
				INFOPLIST_KEY_UIApplicationSupportsIndirectInputEvents = YES;
				INFOPLIST_KEY_UILaunchScreen_Generation = YES;
				INFOPLIST_KEY_UISupportedInterfaceOrientations = UIInterfaceOrientationPortrait;
				LD_RUNPATH_SEARCH_PATHS = (
					"$(inherited)",
					"@executable_path/Frameworks",
				);
				MARKETING_VERSION = 1.0;
				PRODUCT_BUNDLE_IDENTIFIER = com.saeed.socially;
				PRODUCT_NAME = "$(TARGET_NAME)";
				SWIFT_EMIT_LOC_STRINGS = YES;
				SWIFT_VERSION = 5.0;
				TARGETED_DEVICE_FAMILY = "1,2";
			};
			name = Debug;
		};
		36739FA32B8266EC00EC4ED6 /* Release */ = {
			isa = XCBuildConfiguration;
			baseConfigurationReference = 7E606531D3FB5EAB86362521 /* Pods-Socially.release.xcconfig */;
			buildSettings = {
				ASSETCATALOG_COMPILER_APPICON_NAME = AppIcon;
				ASSETCATALOG_COMPILER_GLOBAL_ACCENT_COLOR_NAME = AccentColor;
				CODE_SIGN_STYLE = Automatic;
				CURRENT_PROJECT_VERSION = 1;
				DEVELOPMENT_ASSET_PATHS = "\"Socially/Preview Content\"";
				DEVELOPMENT_TEAM = HW2B39KXKS;
				ENABLE_PREVIEWS = YES;
				ENABLE_USER_SCRIPT_SANDBOXING = NO;
				GENERATE_INFOPLIST_FILE = YES;
				INFOPLIST_KEY_UIApplicationSceneManifest_Generation = YES;
				INFOPLIST_KEY_UIApplicationSupportsIndirectInputEvents = YES;
				INFOPLIST_KEY_UILaunchScreen_Generation = YES;
				INFOPLIST_KEY_UISupportedInterfaceOrientations = UIInterfaceOrientationPortrait;
				LD_RUNPATH_SEARCH_PATHS = (
					"$(inherited)",
					"@executable_path/Frameworks",
				);
				MARKETING_VERSION = 1.0;
				PRODUCT_BUNDLE_IDENTIFIER = com.saeed.socially;
				PRODUCT_NAME = "$(TARGET_NAME)";
				SWIFT_EMIT_LOC_STRINGS = YES;
				SWIFT_VERSION = 5.0;
				TARGETED_DEVICE_FAMILY = "1,2";
			};
			name = Release;
		};
/* End XCBuildConfiguration section */

/* Begin XCConfigurationList section */
		36739F892B8266EA00EC4ED6 /* Build configuration list for PBXProject "Socially" */ = {
			isa = XCConfigurationList;
			buildConfigurations = (
				36739F9F2B8266EC00EC4ED6 /* Debug */,
				36739FA02B8266EC00EC4ED6 /* Release */,
			);
			defaultConfigurationIsVisible = 0;
			defaultConfigurationName = Release;
		};
		36739FA12B8266EC00EC4ED6 /* Build configuration list for PBXNativeTarget "Socially" */ = {
			isa = XCConfigurationList;
			buildConfigurations = (
				36739FA22B8266EC00EC4ED6 /* Debug */,
				36739FA32B8266EC00EC4ED6 /* Release */,
			);
			defaultConfigurationIsVisible = 0;
			defaultConfigurationName = Release;
		};
/* End XCConfigurationList section */

/* Begin XCVersionGroup section */
		36739F9C2B8266EC00EC4ED6 /* Socially.xcdatamodeld */ = {
			isa = XCVersionGroup;
			children = (
				36739F9D2B8266EC00EC4ED6 /* web3wallet.xcdatamodel */,
			);
			currentVersion = 36739F9D2B8266EC00EC4ED6 /* web3wallet.xcdatamodel */;
			path = Socially.xcdatamodeld;
			sourceTree = "<group>";
			versionGroupType = wrapper.xcdatamodel;
		};
/* End XCVersionGroup section */
	};
	rootObject = 36739F862B8266EA00EC4ED6 /* Project object */;
}
